
Microsoft Visual Studio Solution File, Format Version 12.00
# Visual Studio Version 16
VisualStudioVersion = 16.0.30413.136
MinimumVisualStudioVersion = 10.0.40219.1
Project("{FAE04EC0-301F-11D3-BF4B-00C04F79EFBC}") = "MyFormsDM", "MyFormsDM\MyFormsDM.csproj", "{DFC2F0C4-6D4B-4950-83AB-E07B2180A0AD}"
EndProject
Global
	GlobalSection(SolutionConfigurationPlatforms) = preSolution
		Debug|Any CPU = Debug|Any CPU
		Release|Any CPU = Release|Any CPU
	EndGlobalSection
	GlobalSection(ProjectConfigurationPlatforms) = postSolution
		{DFC2F0C4-6D4B-4950-83AB-E07B2180A0AD}.Debug|Any CPU.ActiveCfg = Debug|Any CPU
		{DFC2F0C4-6D4B-4950-83AB-E07B2180A0AD}.Debug|Any CPU.Build.0 = Debug|Any CPU
		{DFC2F0C4-6D4B-4950-83AB-E07B2180A0AD}.Release|Any CPU.ActiveCfg = Release|Any CPU
		{DFC2F0C4-6D4B-4950-83AB-E07B2180A0AD}.Release|Any CPU.Build.0 = Release|Any CPU
	EndGlobalSection
	GlobalSection(SolutionProperties) = preSolution
		HideSolutionNode = FALSE
	EndGlobalSection
	GlobalSection(ExtensibilityGlobals) = postSolution
		SolutionGuid = {712650A4-EE23-490E-9E09-43CF35B81A7F}
	EndGlobalSection
EndGlobal
